
Microsoft Visual Studio Solution File, Format Version 12.00
# Visual Studio 15
VisualStudioVersion = 15.0.28307.779
MinimumVisualStudioVersion = 10.0.40219.1
Project("{FAE04EC0-301F-11D3-BF4B-00C04F79EFBC}") = "AE_AnalysisDemo", "AE_AnalysisDemo\AE_AnalysisDemo.csproj", "{EB78739C-B663-41EB-A53F-22DAE5DEDB40}"
EndProject
Global
	GlobalSection(SolutionConfigurationPlatforms) = preSolution
		Debug|Any CPU = Debug|Any CPU
		Release|Any CPU = Release|Any CPU
	EndGlobalSection
	GlobalSection(ProjectConfigurationPlatforms) = postSolution
		{EB78739C-B663-41EB-A53F-22DAE5DEDB40}.Debug|Any CPU.ActiveCfg = Debug|Any CPU
		{EB78739C-B663-41EB-A53F-22DAE5DEDB40}.Debug|Any CPU.Build.0 = Debug|Any CPU
		{EB78739C-B663-41EB-A53F-22DAE5DEDB40}.Release|Any CPU.ActiveCfg = Release|Any CPU
		{EB78739C-B663-41EB-A53F-22DAE5DEDB40}.Release|Any CPU.Build.0 = Release|Any CPU
	EndGlobalSection
	GlobalSection(SolutionProperties) = preSolution
		HideSolutionNode = FALSE
	EndGlobalSection
	GlobalSection(ExtensibilityGlobals) = postSolution
		SolutionGuid = {9D599404-69B5-49EF-A8C9-23E2BFB27006}
	EndGlobalSection
EndGlobal
